
Microsoft Visual Studio Solution File, Format Version 12.00
# Visual Studio Version 17
VisualStudioVersion = 17.7.34202.233
MinimumVisualStudioVersion = 10.0.40219.1
Project("{FAE04EC0-301F-11D3-BF4B-00C04F79EFBC}") = "Ticket.App", "Ticket.App\Ticket.App.csproj", "{D906D6EC-2103-41B7-B526-EDC537E2BEBD}"
EndProject
Project("{FAE04EC0-301F-11D3-BF4B-00C04F79EFBC}") = "Ticket.Core", "Ticket.Core\Ticket.Core.csproj", "{B87A5888-4803-4796-8DA9-AA511E98724C}"
EndProject
Project("{FAE04EC0-301F-11D3-BF4B-00C04F79EFBC}") = "Ticket.Service", "Ticket.Service\Ticket.Service.csproj", "{634CED9A-8943-4F39-AB99-EC0B689BD88B}"
EndProject
Global
	GlobalSection(SolutionConfigurationPlatforms) = preSolution
		Debug|Any CPU = Debug|Any CPU
		Release|Any CPU = Release|Any CPU
	EndGlobalSection
	GlobalSection(ProjectConfigurationPlatforms) = postSolution
		{D906D6EC-2103-41B7-B526-EDC537E2BEBD}.Debug|Any CPU.ActiveCfg = Debug|Any CPU
		{D906D6EC-2103-41B7-B526-EDC537E2BEBD}.Debug|Any CPU.Build.0 = Debug|Any CPU
		{D906D6EC-2103-41B7-B526-EDC537E2BEBD}.Release|Any CPU.ActiveCfg = Release|Any CPU
		{D906D6EC-2103-41B7-B526-EDC537E2BEBD}.Release|Any CPU.Build.0 = Release|Any CPU
		{B87A5888-4803-4796-8DA9-AA511E98724C}.Debug|Any CPU.ActiveCfg = Debug|Any CPU
		{B87A5888-4803-4796-8DA9-AA511E98724C}.Debug|Any CPU.Build.0 = Debug|Any CPU
		{B87A5888-4803-4796-8DA9-AA511E98724C}.Release|Any CPU.ActiveCfg = Release|Any CPU
		{B87A5888-4803-4796-8DA9-AA511E98724C}.Release|Any CPU.Build.0 = Release|Any CPU
		{634CED9A-8943-4F39-AB99-EC0B689BD88B}.Debug|Any CPU.ActiveCfg = Debug|Any CPU
		{634CED9A-8943-4F39-AB99-EC0B689BD88B}.Debug|Any CPU.Build.0 = Debug|Any CPU
		{634CED9A-8943-4F39-AB99-EC0B689BD88B}.Release|Any CPU.ActiveCfg = Release|Any CPU
		{634CED9A-8943-4F39-AB99-EC0B689BD88B}.Release|Any CPU.Build.0 = Release|Any CPU
	EndGlobalSection
	GlobalSection(SolutionProperties) = preSolution
		HideSolutionNode = FALSE
	EndGlobalSection
	GlobalSection(ExtensibilityGlobals) = postSolution
		SolutionGuid = {FAE28227-6FB9-4A7D-B40A-6A7C0EBF507F}
	EndGlobalSection
EndGlobal
